
Microsoft Visual Studio Solution File, Format Version 12.00
# Visual Studio 15
VisualStudioVersion = 15.0.27428.2037
MinimumVisualStudioVersion = 10.0.40219.1
Project("{8BC9CEB8-8B4A-11D0-8D11-00A0C91BC942}") = "ConsoleApplication1", "ConsoleApplication1\ConsoleApplication1.vcxproj", "{9371CC3A-A0A2-4C54-BCF8-350CB35F2CA1}"
EndProject
Global
	GlobalSection(SolutionConfigurationPlatforms) = preSolution
		Debug|x64 = Debug|x64
		Debug|x86 = Debug|x86
		Release|x64 = Release|x64
		Release|x86 = Release|x86
	EndGlobalSection
	GlobalSection(ProjectConfigurationPlatforms) = postSolution
		{9371CC3A-A0A2-4C54-BCF8-350CB35F2CA1}.Debug|x64.ActiveCfg = Debug|x64
		{9371CC3A-A0A2-4C54-BCF8-350CB35F2CA1}.Debug|x64.Build.0 = Debug|x64
		{9371CC3A-A0A2-4C54-BCF8-350CB35F2CA1}.Debug|x86.ActiveCfg = Debug|Win32
		{9371CC3A-A0A2-4C54-BCF8-350CB35F2CA1}.Debug|x86.Build.0 = Debug|Win32
		{9371CC3A-A0A2-4C54-BCF8-350CB35F2CA1}.Release|x64.ActiveCfg = Release|x64
		{9371CC3A-A0A2-4C54-BCF8-350CB35F2CA1}.Release|x64.Build.0 = Release|x64
		{9371CC3A-A0A2-4C54-BCF8-350CB35F2CA1}.Release|x86.ActiveCfg = Release|Win32
		{9371CC3A-A0A2-4C54-BCF8-350CB35F2CA1}.Release|x86.Build.0 = Release|Win32
	EndGlobalSection
	GlobalSection(SolutionProperties) = preSolution
		HideSolutionNode = FALSE
	EndGlobalSection
	GlobalSection(ExtensibilityGlobals) = postSolution
		SolutionGuid = {C3BE9B5D-17C8-4BA4-82C5-B6DADD2C8872}
	EndGlobalSection
EndGlobal
